
Microsoft Visual Studio Solution File, Format Version 12.00
Project("{FAE04EC0-301F-11D3-BF4B-00C04F79EFBC}") = "PartyInvites", "PartyInvites\PartyInvites.csproj", "{AAC773BB-F315-46BA-AF9F-7D61322BEC99}"
EndProject
Global
	GlobalSection(SolutionConfigurationPlatforms) = preSolution
		Debug|Any CPU = Debug|Any CPU
		Release|Any CPU = Release|Any CPU
	EndGlobalSection
	GlobalSection(ProjectConfigurationPlatforms) = postSolution
		{AAC773BB-F315-46BA-AF9F-7D61322BEC99}.Debug|Any CPU.ActiveCfg = Debug|Any CPU
		{AAC773BB-F315-46BA-AF9F-7D61322BEC99}.Debug|Any CPU.Build.0 = Debug|Any CPU
		{AAC773BB-F315-46BA-AF9F-7D61322BEC99}.Release|Any CPU.ActiveCfg = Release|Any CPU
		{AAC773BB-F315-46BA-AF9F-7D61322BEC99}.Release|Any CPU.Build.0 = Release|Any CPU
	EndGlobalSection
EndGlobal
